<?xml version="1.0" encoding="utf-8"?>
<Project ToolsVersion="4.0" xmlns="http://schemas.microsoft.com/developer/msbuild/2003">
  <ItemGroup>
<<<<<<< HEAD
    <ClCompile Include="Feed.cpp" />
=======
>>>>>>> 7c50a445c750baba14e2440f6f38c29f52ed2879
    <ClCompile Include="Hitachi.cpp" />
    <ClCompile Include="LCDLow.cpp" />
    <ClCompile Include="main.cpp" />
    <ClCompile Include="News.cpp" />
    <ClCompile Include="Timer.cpp" />
<<<<<<< HEAD
    <ClCompile Include="XML_Event.cpp" />
  </ItemGroup>
  <ItemGroup>
    <ClInclude Include="basicLCD.h" />
    <ClInclude Include="Feed.h" />
=======
    <ClCompile Include="XML.cpp" />
  </ItemGroup>
  <ItemGroup>
    <ClInclude Include="basicLCD.h" />
>>>>>>> 7c50a445c750baba14e2440f6f38c29f52ed2879
    <ClInclude Include="Hitachi.h" />
    <ClInclude Include="LCDLow.h" />
    <ClInclude Include="LibAdicional\ftd2xx.h" />
    <ClInclude Include="News.h" />
    <ClInclude Include="Timer.h" />
<<<<<<< HEAD
    <ClInclude Include="XML_Event.h" />
    <ClInclude Include="FSM.h" />
=======
    <ClInclude Include="XML.h" />
    <ClInclude Include="general.h" />
  </ItemGroup>
  <ItemGroup>
    <None Include="packages.config" />
>>>>>>> 7c50a445c750baba14e2440f6f38c29f52ed2879
  </ItemGroup>
</Project>