<?xml version="1.0" encoding="utf-8"?>
<Project ToolsVersion="4.0" xmlns="http://schemas.microsoft.com/developer/msbuild/2003">
  <ItemGroup>
    <ClCompile Include="Feed.cpp" />
    <ClCompile Include="Hitachi.cpp" />
    <ClCompile Include="LCDLow.cpp" />
    <ClCompile Include="main.cpp" />
    <ClCompile Include="News.cpp" />
    <ClCompile Include="Timer.cpp" />
    <ClCompile Include="XML_Event.cpp" />
  </ItemGroup>
  <ItemGroup>
    <ClInclude Include="basicLCD.h" />
    <ClInclude Include="Feed.h" />
    <ClInclude Include="Hitachi.h" />
    <ClInclude Include="LCDLow.h" />
    <ClInclude Include="LibAdicional\ftd2xx.h" />
    <ClInclude Include="News.h" />
    <ClInclude Include="Timer.h" />
    <ClInclude Include="XML_Event.h" />
    <ClInclude Include="FSM.h" />
  </ItemGroup>
</Project>